
Microsoft Visual Studio Solution File, Format Version 12.00
# Visual Studio Version 17
VisualStudioVersion = 17.1.32328.378
MinimumVisualStudioVersion = 10.0.40219.1
Project("{FAE04EC0-301F-11D3-BF4B-00C04F79EFBC}") = "CPplayground", "CPplayground.csproj", "{CFE02F29-EDAB-4058-B9CF-BF2FCAC6E95D}"
EndProject
Global
	GlobalSection(SolutionConfigurationPlatforms) = preSolution
		Debug|Any CPU = Debug|Any CPU
		Release|Any CPU = Release|Any CPU
	EndGlobalSection
	GlobalSection(ProjectConfigurationPlatforms) = postSolution
		{CFE02F29-EDAB-4058-B9CF-BF2FCAC6E95D}.Debug|Any CPU.ActiveCfg = Debug|Any CPU
		{CFE02F29-EDAB-4058-B9CF-BF2FCAC6E95D}.Debug|Any CPU.Build.0 = Debug|Any CPU
		{CFE02F29-EDAB-4058-B9CF-BF2FCAC6E95D}.Release|Any CPU.ActiveCfg = Release|Any CPU
		{CFE02F29-EDAB-4058-B9CF-BF2FCAC6E95D}.Release|Any CPU.Build.0 = Release|Any CPU
	EndGlobalSection
	GlobalSection(SolutionProperties) = preSolution
		HideSolutionNode = FALSE
	EndGlobalSection
	GlobalSection(ExtensibilityGlobals) = postSolution
		SolutionGuid = {B4D7065F-3553-4BE2-A4CE-3D2169E0CCA8}
	EndGlobalSection
EndGlobal
